
Microsoft Visual Studio Solution File, Format Version 12.00
# Visual Studio Version 16
VisualStudioVersion = 16.0.30104.148
MinimumVisualStudioVersion = 10.0.40219.1
Project("{FAE04EC0-301F-11D3-BF4B-00C04F79EFBC}") = "ZadaćaBaze", "ZadaćaBaze\ZadaćaBaze.csproj", "{BE52B2DD-9789-47AA-8C83-06F086707DB0}"
EndProject
Global
	GlobalSection(SolutionConfigurationPlatforms) = preSolution
		Debug|Any CPU = Debug|Any CPU
		Release|Any CPU = Release|Any CPU
	EndGlobalSection
	GlobalSection(ProjectConfigurationPlatforms) = postSolution
		{BE52B2DD-9789-47AA-8C83-06F086707DB0}.Debug|Any CPU.ActiveCfg = Debug|Any CPU
		{BE52B2DD-9789-47AA-8C83-06F086707DB0}.Debug|Any CPU.Build.0 = Debug|Any CPU
		{BE52B2DD-9789-47AA-8C83-06F086707DB0}.Release|Any CPU.ActiveCfg = Release|Any CPU
		{BE52B2DD-9789-47AA-8C83-06F086707DB0}.Release|Any CPU.Build.0 = Release|Any CPU
	EndGlobalSection
	GlobalSection(SolutionProperties) = preSolution
		HideSolutionNode = FALSE
	EndGlobalSection
	GlobalSection(ExtensibilityGlobals) = postSolution
		SolutionGuid = {AD9BAFF5-C2C0-4A16-93B7-CD0B75674FFA}
	EndGlobalSection
EndGlobal
